// !$*UTF8*$!
{
	archiveVersion = 1;
	classes = {
	};
	objectVersion = 56;
	objects = {

/* Begin PBXBuildFile section */
		27B0126A2B53BF2000912F98 /* HueForecast_iOSApp.swift in Sources */ = {isa = PBXBuildFile; fileRef = 27B012692B53BF2000912F98 /* HueForecast_iOSApp.swift */; };
		27B0126C2B53BF2000912F98 /* ContentView.swift in Sources */ = {isa = PBXBuildFile; fileRef = 27B0126B2B53BF2000912F98 /* ContentView.swift */; };
		27B0126E2B53BF2000912F98 /* Item.swift in Sources */ = {isa = PBXBuildFile; fileRef = 27B0126D2B53BF2000912F98 /* Item.swift */; };
		27B012702B53BF2100912F98 /* Assets.xcassets in Resources */ = {isa = PBXBuildFile; fileRef = 27B0126F2B53BF2100912F98 /* Assets.xcassets */; };
		27B012732B53BF2100912F98 /* Preview Assets.xcassets in Resources */ = {isa = PBXBuildFile; fileRef = 27B012722B53BF2100912F98 /* Preview Assets.xcassets */; };
		27B0127F2B53BF2100912F98 /* HueForecast_iOSTests.swift in Sources */ = {isa = PBXBuildFile; fileRef = 27B0127E2B53BF2100912F98 /* HueForecast_iOSTests.swift */; };
		27B012892B53BF2100912F98 /* HueForecast_iOSUITests.swift in Sources */ = {isa = PBXBuildFile; fileRef = 27B012882B53BF2100912F98 /* HueForecast_iOSUITests.swift */; };
		27B0128B2B53BF2100912F98 /* HueForecast_iOSUITestsLaunchTests.swift in Sources */ = {isa = PBXBuildFile; fileRef = 27B0128A2B53BF2100912F98 /* HueForecast_iOSUITestsLaunchTests.swift */; };
/* End PBXBuildFile section */

/* Begin PBXContainerItemProxy section */
		27B0127B2B53BF2100912F98 /* PBXContainerItemProxy */ = {
			isa = PBXContainerItemProxy;
			containerPortal = 27B0125E2B53BF2000912F98 /* Project object */;
			proxyType = 1;
			remoteGlobalIDString = 27B012652B53BF2000912F98;
			remoteInfo = "HueForecast-iOS";
		};
		27B012852B53BF2100912F98 /* PBXContainerItemProxy */ = {
			isa = PBXContainerItemProxy;
			containerPortal = 27B0125E2B53BF2000912F98 /* Project object */;
			proxyType = 1;
			remoteGlobalIDString = 27B012652B53BF2000912F98;
			remoteInfo = "HueForecast-iOS";
		};
/* End PBXContainerItemProxy section */

/* Begin PBXFileReference section */
		27B012662B53BF2000912F98 /* HueForecast-iOS.app */ = {isa = PBXFileReference; explicitFileType = wrapper.application; includeInIndex = 0; path = "HueForecast-iOS.app"; sourceTree = BUILT_PRODUCTS_DIR; };
		27B012692B53BF2000912F98 /* HueForecast_iOSApp.swift */ = {isa = PBXFileReference; lastKnownFileType = sourcecode.swift; path = HueForecast_iOSApp.swift; sourceTree = "<group>"; };
		27B0126B2B53BF2000912F98 /* ContentView.swift */ = {isa = PBXFileReference; lastKnownFileType = sourcecode.swift; path = ContentView.swift; sourceTree = "<group>"; };
		27B0126D2B53BF2000912F98 /* Item.swift */ = {isa = PBXFileReference; lastKnownFileType = sourcecode.swift; path = Item.swift; sourceTree = "<group>"; };
		27B0126F2B53BF2100912F98 /* Assets.xcassets */ = {isa = PBXFileReference; lastKnownFileType = folder.assetcatalog; path = Assets.xcassets; sourceTree = "<group>"; };
		27B012722B53BF2100912F98 /* Preview Assets.xcassets */ = {isa = PBXFileReference; lastKnownFileType = folder.assetcatalog; path = "Preview Assets.xcassets"; sourceTree = "<group>"; };
		27B012742B53BF2100912F98 /* HueForecast_iOS.entitlements */ = {isa = PBXFileReference; lastKnownFileType = text.plist.entitlements; path = HueForecast_iOS.entitlements; sourceTree = "<group>"; };
		27B012752B53BF2100912F98 /* Info.plist */ = {isa = PBXFileReference; lastKnownFileType = text.plist.xml; path = Info.plist; sourceTree = "<group>"; };
		27B0127A2B53BF2100912F98 /* HueForecast-iOSTests.xctest */ = {isa = PBXFileReference; explicitFileType = wrapper.cfbundle; includeInIndex = 0; path = "HueForecast-iOSTests.xctest"; sourceTree = BUILT_PRODUCTS_DIR; };
		27B0127E2B53BF2100912F98 /* HueForecast_iOSTests.swift */ = {isa = PBXFileReference; lastKnownFileType = sourcecode.swift; path = HueForecast_iOSTests.swift; sourceTree = "<group>"; };
		27B012842B53BF2100912F98 /* HueForecast-iOSUITests.xctest */ = {isa = PBXFileReference; explicitFileType = wrapper.cfbundle; includeInIndex = 0; path = "HueForecast-iOSUITests.xctest"; sourceTree = BUILT_PRODUCTS_DIR; };
		27B012882B53BF2100912F98 /* HueForecast_iOSUITests.swift */ = {isa = PBXFileReference; lastKnownFileType = sourcecode.swift; path = HueForecast_iOSUITests.swift; sourceTree = "<group>"; };
		27B0128A2B53BF2100912F98 /* HueForecast_iOSUITestsLaunchTests.swift */ = {isa = PBXFileReference; lastKnownFileType = sourcecode.swift; path = HueForecast_iOSUITestsLaunchTests.swift; sourceTree = "<group>"; };
/* End PBXFileReference section */

/* Begin PBXFrameworksBuildPhase section */
		27B012632B53BF2000912F98 /* Frameworks */ = {
			isa = PBXFrameworksBuildPhase;
			buildActionMask = 2147483647;
			files = (
			);
			runOnlyForDeploymentPostprocessing = 0;
		};
		27B012772B53BF2100912F98 /* Frameworks */ = {
			isa = PBXFrameworksBuildPhase;
			buildActionMask = 2147483647;
			files = (
			);
			runOnlyForDeploymentPostprocessing = 0;
		};
		27B012812B53BF2100912F98 /* Frameworks */ = {
			isa = PBXFrameworksBuildPhase;
			buildActionMask = 2147483647;
			files = (
			);
			runOnlyForDeploymentPostprocessing = 0;
		};
/* End PBXFrameworksBuildPhase section */

/* Begin PBXGroup section */
		27B0125D2B53BF2000912F98 = {
			isa = PBXGroup;
			children = (
				27B012682B53BF2000912F98 /* HueForecast-iOS */,
				27B0127D2B53BF2100912F98 /* HueForecast-iOSTests */,
				27B012872B53BF2100912F98 /* HueForecast-iOSUITests */,
				27B012672B53BF2000912F98 /* Products */,
			);
			sourceTree = "<group>";
		};
		27B012672B53BF2000912F98 /* Products */ = {
			isa = PBXGroup;
			children = (
				27B012662B53BF2000912F98 /* HueForecast-iOS.app */,
				27B0127A2B53BF2100912F98 /* HueForecast-iOSTests.xctest */,
				27B012842B53BF2100912F98 /* HueForecast-iOSUITests.xctest */,
			);
			name = Products;
			sourceTree = "<group>";
		};
		27B012682B53BF2000912F98 /* HueForecast-iOS */ = {
			isa = PBXGroup;
			children = (
				27B012692B53BF2000912F98 /* HueForecast_iOSApp.swift */,
				27B0126B2B53BF2000912F98 /* ContentView.swift */,
				27B0126D2B53BF2000912F98 /* Item.swift */,
				27B0126F2B53BF2100912F98 /* Assets.xcassets */,
				27B012742B53BF2100912F98 /* HueForecast_iOS.entitlements */,
				27B012752B53BF2100912F98 /* Info.plist */,
				27B012712B53BF2100912F98 /* Preview Content */,
			);
			path = "HueForecast-iOS";
			sourceTree = "<group>";
		};
		27B012712B53BF2100912F98 /* Preview Content */ = {
			isa = PBXGroup;
			children = (
				27B012722B53BF2100912F98 /* Preview Assets.xcassets */,
			);
			path = "Preview Content";
			sourceTree = "<group>";
		};
		27B0127D2B53BF2100912F98 /* HueForecast-iOSTests */ = {
			isa = PBXGroup;
			children = (
				27B0127E2B53BF2100912F98 /* HueForecast_iOSTests.swift */,
			);
			path = "HueForecast-iOSTests";
			sourceTree = "<group>";
		};
		27B012872B53BF2100912F98 /* HueForecast-iOSUITests */ = {
			isa = PBXGroup;
			children = (
				27B012882B53BF2100912F98 /* HueForecast_iOSUITests.swift */,
				27B0128A2B53BF2100912F98 /* HueForecast_iOSUITestsLaunchTests.swift */,
			);
			path = "HueForecast-iOSUITests";
			sourceTree = "<group>";
		};
/* End PBXGroup section */

/* Begin PBXNativeTarget section */
		27B012652B53BF2000912F98 /* HueForecast-iOS */ = {
			isa = PBXNativeTarget;
			buildConfigurationList = 27B0128E2B53BF2100912F98 /* Build configuration list for PBXNativeTarget "HueForecast-iOS" */;
			buildPhases = (
				27B012622B53BF2000912F98 /* Sources */,
				27B012632B53BF2000912F98 /* Frameworks */,
				27B012642B53BF2000912F98 /* Resources */,
			);
			buildRules = (
			);
			dependencies = (
			);
			name = "HueForecast-iOS";
			productName = "HueForecast-iOS";
			productReference = 27B012662B53BF2000912F98 /* HueForecast-iOS.app */;
			productType = "com.apple.product-type.application";
		};
		27B012792B53BF2100912F98 /* HueForecast-iOSTests */ = {
			isa = PBXNativeTarget;
			buildConfigurationList = 27B012912B53BF2100912F98 /* Build configuration list for PBXNativeTarget "HueForecast-iOSTests" */;
			buildPhases = (
				27B012762B53BF2100912F98 /* Sources */,
				27B012772B53BF2100912F98 /* Frameworks */,
				27B012782B53BF2100912F98 /* Resources */,
			);
			buildRules = (
			);
			dependencies = (
				27B0127C2B53BF2100912F98 /* PBXTargetDependency */,
			);
			name = "HueForecast-iOSTests";
			productName = "HueForecast-iOSTests";
			productReference = 27B0127A2B53BF2100912F98 /* HueForecast-iOSTests.xctest */;
			productType = "com.apple.product-type.bundle.unit-test";
		};
		27B012832B53BF2100912F98 /* HueForecast-iOSUITests */ = {
			isa = PBXNativeTarget;
			buildConfigurationList = 27B012942B53BF2100912F98 /* Build configuration list for PBXNativeTarget "HueForecast-iOSUITests" */;
			buildPhases = (
				27B012802B53BF2100912F98 /* Sources */,
				27B012812B53BF2100912F98 /* Frameworks */,
				27B012822B53BF2100912F98 /* Resources */,
			);
			buildRules = (
			);
			dependencies = (
				27B012862B53BF2100912F98 /* PBXTargetDependency */,
			);
			name = "HueForecast-iOSUITests";
			productName = "HueForecast-iOSUITests";
			productReference = 27B012842B53BF2100912F98 /* HueForecast-iOSUITests.xctest */;
			productType = "com.apple.product-type.bundle.ui-testing";
		};
/* End PBXNativeTarget section */

/* Begin PBXProject section */
		27B0125E2B53BF2000912F98 /* Project object */ = {
			isa = PBXProject;
			attributes = {
				BuildIndependentTargetsInParallel = 1;
				LastSwiftUpdateCheck = 1520;
				LastUpgradeCheck = 1520;
				TargetAttributes = {
					27B012652B53BF2000912F98 = {
						CreatedOnToolsVersion = 15.2;
					};
					27B012792B53BF2100912F98 = {
						CreatedOnToolsVersion = 15.2;
						TestTargetID = 27B012652B53BF2000912F98;
					};
					27B012832B53BF2100912F98 = {
						CreatedOnToolsVersion = 15.2;
						TestTargetID = 27B012652B53BF2000912F98;
					};
				};
			};
			buildConfigurationList = 27B012612B53BF2000912F98 /* Build configuration list for PBXProject "HueForecast-iOS" */;
			compatibilityVersion = "Xcode 14.0";
			developmentRegion = en;
			hasScannedForEncodings = 0;
			knownRegions = (
				en,
				Base,
			);
			mainGroup = 27B0125D2B53BF2000912F98;
			productRefGroup = 27B012672B53BF2000912F98 /* Products */;
			projectDirPath = "";
			projectRoot = "";
			targets = (
				27B012652B53BF2000912F98 /* HueForecast-iOS */,
				27B012792B53BF2100912F98 /* HueForecast-iOSTests */,
				27B012832B53BF2100912F98 /* HueForecast-iOSUITests */,
			);
		};
/* End PBXProject section */

/* Begin PBXResourcesBuildPhase section */
		27B012642B53BF2000912F98 /* Resources */ = {
			isa = PBXResourcesBuildPhase;
			buildActionMask = 2147483647;
			files = (
				27B012732B53BF2100912F98 /* Preview Assets.xcassets in Resources */,
				27B012702B53BF2100912F98 /* Assets.xcassets in Resources */,
			);
			runOnlyForDeploymentPostprocessing = 0;
		};
		27B012782B53BF2100912F98 /* Resources */ = {
			isa = PBXResourcesBuildPhase;
			buildActionMask = 2147483647;
			files = (
			);
			runOnlyForDeploymentPostprocessing = 0;
		};
		27B012822B53BF2100912F98 /* Resources */ = {
			isa = PBXResourcesBuildPhase;
			buildActionMask = 2147483647;
			files = (
			);
			runOnlyForDeploymentPostprocessing = 0;
		};
/* End PBXResourcesBuildPhase section */

/* Begin PBXSourcesBuildPhase section */
		27B012622B53BF2000912F98 /* Sources */ = {
			isa = PBXSourcesBuildPhase;
			buildActionMask = 2147483647;
			files = (
				27B0126C2B53BF2000912F98 /* ContentView.swift in Sources */,
				27B0126E2B53BF2000912F98 /* Item.swift in Sources */,
				27B0126A2B53BF2000912F98 /* HueForecast_iOSApp.swift in Sources */,
			);
			runOnlyForDeploymentPostprocessing = 0;
		};
		27B012762B53BF2100912F98 /* Sources */ = {
			isa = PBXSourcesBuildPhase;
			buildActionMask = 2147483647;
			files = (
				27B0127F2B53BF2100912F98 /* HueForecast_iOSTests.swift in Sources */,
			);
			runOnlyForDeploymentPostprocessing = 0;
		};
		27B012802B53BF2100912F98 /* Sources */ = {
			isa = PBXSourcesBuildPhase;
			buildActionMask = 2147483647;
			files = (
				27B0128B2B53BF2100912F98 /* HueForecast_iOSUITestsLaunchTests.swift in Sources */,
				27B012892B53BF2100912F98 /* HueForecast_iOSUITests.swift in Sources */,
			);
			runOnlyForDeploymentPostprocessing = 0;
		};
/* End PBXSourcesBuildPhase section */

/* Begin PBXTargetDependency section */
		27B0127C2B53BF2100912F98 /* PBXTargetDependency */ = {
			isa = PBXTargetDependency;
			target = 27B012652B53BF2000912F98 /* HueForecast-iOS */;
			targetProxy = 27B0127B2B53BF2100912F98 /* PBXContainerItemProxy */;
		};
		27B012862B53BF2100912F98 /* PBXTargetDependency */ = {
			isa = PBXTargetDependency;
			target = 27B012652B53BF2000912F98 /* HueForecast-iOS */;
			targetProxy = 27B012852B53BF2100912F98 /* PBXContainerItemProxy */;
		};
/* End PBXTargetDependency section */

/* Begin XCBuildConfiguration section */
		27B0128C2B53BF2100912F98 /* Debug */ = {
			isa = XCBuildConfiguration;
			buildSettings = {
				ALWAYS_SEARCH_USER_PATHS = NO;
				ASSETCATALOG_COMPILER_GENERATE_SWIFT_ASSET_SYMBOL_EXTENSIONS = YES;
				CLANG_ANALYZER_NONNULL = YES;
				CLANG_ANALYZER_NUMBER_OBJECT_CONVERSION = YES_AGGRESSIVE;
				CLANG_CXX_LANGUAGE_STANDARD = "gnu++20";
				CLANG_ENABLE_MODULES = YES;
				CLANG_ENABLE_OBJC_ARC = YES;
				CLANG_ENABLE_OBJC_WEAK = YES;
				CLANG_WARN_BLOCK_CAPTURE_AUTORELEASING = YES;
				CLANG_WARN_BOOL_CONVERSION = YES;
				CLANG_WARN_COMMA = YES;
				CLANG_WARN_CONSTANT_CONVERSION = YES;
				CLANG_WARN_DEPRECATED_OBJC_IMPLEMENTATIONS = YES;
				CLANG_WARN_DIRECT_OBJC_ISA_USAGE = YES_ERROR;
				CLANG_WARN_DOCUMENTATION_COMMENTS = YES;
				CLANG_WARN_EMPTY_BODY = YES;
				CLANG_WARN_ENUM_CONVERSION = YES;
				CLANG_WARN_INFINITE_RECURSION = YES;
				CLANG_WARN_INT_CONVERSION = YES;
				CLANG_WARN_NON_LITERAL_NULL_CONVERSION = YES;
				CLANG_WARN_OBJC_IMPLICIT_RETAIN_SELF = YES;
				CLANG_WARN_OBJC_LITERAL_CONVERSION = YES;
				CLANG_WARN_OBJC_ROOT_CLASS = YES_ERROR;
				CLANG_WARN_QUOTED_INCLUDE_IN_FRAMEWORK_HEADER = YES;
				CLANG_WARN_RANGE_LOOP_ANALYSIS = YES;
				CLANG_WARN_STRICT_PROTOTYPES = YES;
				CLANG_WARN_SUSPICIOUS_MOVE = YES;
				CLANG_WARN_UNGUARDED_AVAILABILITY = YES_AGGRESSIVE;
				CLANG_WARN_UNREACHABLE_CODE = YES;
				CLANG_WARN__DUPLICATE_METHOD_MATCH = YES;
				COPY_PHASE_STRIP = NO;
				DEBUG_INFORMATION_FORMAT = dwarf;
				ENABLE_STRICT_OBJC_MSGSEND = YES;
				ENABLE_TESTABILITY = YES;
				ENABLE_USER_SCRIPT_SANDBOXING = YES;
				GCC_C_LANGUAGE_STANDARD = gnu17;
				GCC_DYNAMIC_NO_PIC = NO;
				GCC_NO_COMMON_BLOCKS = YES;
				GCC_OPTIMIZATION_LEVEL = 0;
				GCC_PREPROCESSOR_DEFINITIONS = (
					"DEBUG=1",
					"$(inherited)",
				);
				GCC_WARN_64_TO_32_BIT_CONVERSION = YES;
				GCC_WARN_ABOUT_RETURN_TYPE = YES_ERROR;
				GCC_WARN_UNDECLARED_SELECTOR = YES;
				GCC_WARN_UNINITIALIZED_AUTOS = YES_AGGRESSIVE;
				GCC_WARN_UNUSED_FUNCTION = YES;
				GCC_WARN_UNUSED_VARIABLE = YES;
				IPHONEOS_DEPLOYMENT_TARGET = 17.2;
				LOCALIZATION_PREFERS_STRING_CATALOGS = YES;
				MTL_ENABLE_DEBUG_INFO = INCLUDE_SOURCE;
				MTL_FAST_MATH = YES;
				ONLY_ACTIVE_ARCH = YES;
				SDKROOT = iphoneos;
				SWIFT_ACTIVE_COMPILATION_CONDITIONS = "DEBUG $(inherited)";
				SWIFT_OPTIMIZATION_LEVEL = "-Onone";
			};
			name = Debug;
		};
		27B0128D2B53BF2100912F98 /* Release */ = {
			isa = XCBuildConfiguration;
			buildSettings = {
				ALWAYS_SEARCH_USER_PATHS = NO;
				ASSETCATALOG_COMPILER_GENERATE_SWIFT_ASSET_SYMBOL_EXTENSIONS = YES;
				CLANG_ANALYZER_NONNULL = YES;
				CLANG_ANALYZER_NUMBER_OBJECT_CONVERSION = YES_AGGRESSIVE;
				CLANG_CXX_LANGUAGE_STANDARD = "gnu++20";
				CLANG_ENABLE_MODULES = YES;
				CLANG_ENABLE_OBJC_ARC = YES;
				CLANG_ENABLE_OBJC_WEAK = YES;
				CLANG_WARN_BLOCK_CAPTURE_AUTORELEASING = YES;
				CLANG_WARN_BOOL_CONVERSION = YES;
				CLANG_WARN_COMMA = YES;
				CLANG_WARN_CONSTANT_CONVERSION = YES;
				CLANG_WARN_DEPRECATED_OBJC_IMPLEMENTATIONS = YES;
				CLANG_WARN_DIRECT_OBJC_ISA_USAGE = YES_ERROR;
				CLANG_WARN_DOCUMENTATION_COMMENTS = YES;
				CLANG_WARN_EMPTY_BODY = YES;
				CLANG_WARN_ENUM_CONVERSION = YES;
				CLANG_WARN_INFINITE_RECURSION = YES;
				CLANG_WARN_INT_CONVERSION = YES;
				CLANG_WARN_NON_LITERAL_NULL_CONVERSION = YES;
				CLANG_WARN_OBJC_IMPLICIT_RETAIN_SELF = YES;
				CLANG_WARN_OBJC_LITERAL_CONVERSION = YES;
				CLANG_WARN_OBJC_ROOT_CLASS = YES_ERROR;
				CLANG_WARN_QUOTED_INCLUDE_IN_FRAMEWORK_HEADER = YES;
				CLANG_WARN_RANGE_LOOP_ANALYSIS = YES;
				CLANG_WARN_STRICT_PROTOTYPES = YES;
				CLANG_WARN_SUSPICIOUS_MOVE = YES;
				CLANG_WARN_UNGUARDED_AVAILABILITY = YES_AGGRESSIVE;
				CLANG_WARN_UNREACHABLE_CODE = YES;
				CLANG_WARN__DUPLICATE_METHOD_MATCH = YES;
				COPY_PHASE_STRIP = NO;
				DEBUG_INFORMATION_FORMAT = "dwarf-with-dsym";
				ENABLE_NS_ASSERTIONS = NO;
				ENABLE_STRICT_OBJC_MSGSEND = YES;
				ENABLE_USER_SCRIPT_SANDBOXING = YES;
				GCC_C_LANGUAGE_STANDARD = gnu17;
				GCC_NO_COMMON_BLOCKS = YES;
				GCC_WARN_64_TO_32_BIT_CONVERSION = YES;
				GCC_WARN_ABOUT_RETURN_TYPE = YES_ERROR;
				GCC_WARN_UNDECLARED_SELECTOR = YES;
				GCC_WARN_UNINITIALIZED_AUTOS = YES_AGGRESSIVE;
				GCC_WARN_UNUSED_FUNCTION = YES;
				GCC_WARN_UNUSED_VARIABLE = YES;
				IPHONEOS_DEPLOYMENT_TARGET = 17.2;
				LOCALIZATION_PREFERS_STRING_CATALOGS = YES;
				MTL_ENABLE_DEBUG_INFO = NO;
				MTL_FAST_MATH = YES;
				SDKROOT = iphoneos;
				SWIFT_COMPILATION_MODE = wholemodule;
				VALIDATE_PRODUCT = YES;
			};
			name = Release;
		};
		27B0128F2B53BF2100912F98 /* Debug */ = {
			isa = XCBuildConfiguration;
			buildSettings = {
				ASSETCATALOG_COMPILER_APPICON_NAME = AppIcon;
				ASSETCATALOG_COMPILER_GLOBAL_ACCENT_COLOR_NAME = AccentColor;
				CODE_SIGN_ENTITLEMENTS = "HueForecast-iOS/HueForecast_iOS.entitlements";
				CODE_SIGN_STYLE = Automatic;
				CURRENT_PROJECT_VERSION = 1;
				DEVELOPMENT_ASSET_PATHS = "\"HueForecast-iOS/Preview Content\"";
				DEVELOPMENT_TEAM = GK5HKHXZVW;
				ENABLE_PREVIEWS = YES;
				GENERATE_INFOPLIST_FILE = YES;
				INFOPLIST_FILE = "HueForecast-iOS/Info.plist";
				INFOPLIST_KEY_UIApplicationSceneManifest_Generation = YES;
				INFOPLIST_KEY_UIApplicationSupportsIndirectInputEvents = YES;
				INFOPLIST_KEY_UILaunchScreen_Generation = YES;
				INFOPLIST_KEY_UISupportedInterfaceOrientations_iPad = "UIInterfaceOrientationPortrait UIInterfaceOrientationPortraitUpsideDown UIInterfaceOrientationLandscapeLeft UIInterfaceOrientationLandscapeRight";
				INFOPLIST_KEY_UISupportedInterfaceOrientations_iPhone = "UIInterfaceOrientationPortrait UIInterfaceOrientationLandscapeLeft UIInterfaceOrientationLandscapeRight";
				LD_RUNPATH_SEARCH_PATHS = (
					"$(inherited)",
					"@executable_path/Frameworks",
				);
				MARKETING_VERSION = 1.0;
				PRODUCT_BUNDLE_IDENTIFIER = "Mike-Pixel-Dev.HueForecast-iOS";
				PRODUCT_NAME = "$(TARGET_NAME)";
				SWIFT_EMIT_LOC_STRINGS = YES;
				SWIFT_VERSION = 5.0;
				TARGETED_DEVICE_FAMILY = "1,2";
			};
			name = Debug;
		};
		27B012902B53BF2100912F98 /* Release */ = {
			isa = XCBuildConfiguration;
			buildSettings = {
				ASSETCATALOG_COMPILER_APPICON_NAME = AppIcon;
				ASSETCATALOG_COMPILER_GLOBAL_ACCENT_COLOR_NAME = AccentColor;
				CODE_SIGN_ENTITLEMENTS = "HueForecast-iOS/HueForecast_iOS.entitlements";
				CODE_SIGN_STYLE = Automatic;
				CURRENT_PROJECT_VERSION = 1;
				DEVELOPMENT_ASSET_PATHS = "\"HueForecast-iOS/Preview Content\"";
				DEVELOPMENT_TEAM = GK5HKHXZVW;
				ENABLE_PREVIEWS = YES;
				GENERATE_INFOPLIST_FILE = YES;
				INFOPLIST_FILE = "HueForecast-iOS/Info.plist";
				INFOPLIST_KEY_UIApplicationSceneManifest_Generation = YES;
				INFOPLIST_KEY_UIApplicationSupportsIndirectInputEvents = YES;
				INFOPLIST_KEY_UILaunchScreen_Generation = YES;
				INFOPLIST_KEY_UISupportedInterfaceOrientations_iPad = "UIInterfaceOrientationPortrait UIInterfaceOrientationPortraitUpsideDown UIInterfaceOrientationLandscapeLeft UIInterfaceOrientationLandscapeRight";
				INFOPLIST_KEY_UISupportedInterfaceOrientations_iPhone = "UIInterfaceOrientationPortrait UIInterfaceOrientationLandscapeLeft UIInterfaceOrientationLandscapeRight";
				LD_RUNPATH_SEARCH_PATHS = (
					"$(inherited)",
					"@executable_path/Frameworks",
				);
				MARKETING_VERSION = 1.0;
				PRODUCT_BUNDLE_IDENTIFIER = "Mike-Pixel-Dev.HueForecast-iOS";
				PRODUCT_NAME = "$(TARGET_NAME)";
				SWIFT_EMIT_LOC_STRINGS = YES;
				SWIFT_VERSION = 5.0;
				TARGETED_DEVICE_FAMILY = "1,2";
			};
			name = Release;
		};
		27B012922B53BF2100912F98 /* Debug */ = {
			isa = XCBuildConfiguration;
			buildSettings = {
				ALWAYS_EMBED_SWIFT_STANDARD_LIBRARIES = YES;
				BUNDLE_LOADER = "$(TEST_HOST)";
				CODE_SIGN_STYLE = Automatic;
				CURRENT_PROJECT_VERSION = 1;
				DEVELOPMENT_TEAM = GK5HKHXZVW;
				GENERATE_INFOPLIST_FILE = YES;
				IPHONEOS_DEPLOYMENT_TARGET = 17.2;
				MARKETING_VERSION = 1.0;
				PRODUCT_BUNDLE_IDENTIFIER = "Mike-Pixel-Dev.HueForecast-iOSTests";
				PRODUCT_NAME = "$(TARGET_NAME)";
				SWIFT_EMIT_LOC_STRINGS = NO;
				SWIFT_VERSION = 5.0;
				TARGETED_DEVICE_FAMILY = "1,2";
				TEST_HOST = "$(BUILT_PRODUCTS_DIR)/HueForecast-iOS.app/$(BUNDLE_EXECUTABLE_FOLDER_PATH)/HueForecast-iOS";
			};
			name = Debug;
		};
		27B012932B53BF2100912F98 /* Release */ = {
			isa = XCBuildConfiguration;
			buildSettings = {
				ALWAYS_EMBED_SWIFT_STANDARD_LIBRARIES = YES;
				BUNDLE_LOADER = "$(TEST_HOST)";
				CODE_SIGN_STYLE = Automatic;
				CURRENT_PROJECT_VERSION = 1;
				DEVELOPMENT_TEAM = GK5HKHXZVW;
				GENERATE_INFOPLIST_FILE = YES;
				IPHONEOS_DEPLOYMENT_TARGET = 17.2;
				MARKETING_VERSION = 1.0;
				PRODUCT_BUNDLE_IDENTIFIER = "Mike-Pixel-Dev.HueForecast-iOSTests";
				PRODUCT_NAME = "$(TARGET_NAME)";
				SWIFT_EMIT_LOC_STRINGS = NO;
				SWIFT_VERSION = 5.0;
				TARGETED_DEVICE_FAMILY = "1,2";
				TEST_HOST = "$(BUILT_PRODUCTS_DIR)/HueForecast-iOS.app/$(BUNDLE_EXECUTABLE_FOLDER_PATH)/HueForecast-iOS";
			};
			name = Release;
		};
		27B012952B53BF2100912F98 /* Debug */ = {
			isa = XCBuildConfiguration;
			buildSettings = {
				ALWAYS_EMBED_SWIFT_STANDARD_LIBRARIES = YES;
				CODE_SIGN_STYLE = Automatic;
				CURRENT_PROJECT_VERSION = 1;
				DEVELOPMENT_TEAM = GK5HKHXZVW;
				GENERATE_INFOPLIST_FILE = YES;
				MARKETING_VERSION = 1.0;
				PRODUCT_BUNDLE_IDENTIFIER = "Mike-Pixel-Dev.HueForecast-iOSUITests";
				PRODUCT_NAME = "$(TARGET_NAME)";
				SWIFT_EMIT_LOC_STRINGS = NO;
				SWIFT_VERSION = 5.0;
				TARGETED_DEVICE_FAMILY = "1,2";
				TEST_TARGET_NAME = "HueForecast-iOS";
			};
			name = Debug;
		};
		27B012962B53BF2100912F98 /* Release */ = {
			isa = XCBuildConfiguration;
			buildSettings = {
				ALWAYS_EMBED_SWIFT_STANDARD_LIBRARIES = YES;
				CODE_SIGN_STYLE = Automatic;
				CURRENT_PROJECT_VERSION = 1;
				DEVELOPMENT_TEAM = GK5HKHXZVW;
				GENERATE_INFOPLIST_FILE = YES;
				MARKETING_VERSION = 1.0;
				PRODUCT_BUNDLE_IDENTIFIER = "Mike-Pixel-Dev.HueForecast-iOSUITests";
				PRODUCT_NAME = "$(TARGET_NAME)";
				SWIFT_EMIT_LOC_STRINGS = NO;
				SWIFT_VERSION = 5.0;
				TARGETED_DEVICE_FAMILY = "1,2";
				TEST_TARGET_NAME = "HueForecast-iOS";
			};
			name = Release;
		};
/* End XCBuildConfiguration section */

/* Begin XCConfigurationList section */
		27B012612B53BF2000912F98 /* Build configuration list for PBXProject "HueForecast-iOS" */ = {
			isa = XCConfigurationList;
			buildConfigurations = (
				27B0128C2B53BF2100912F98 /* Debug */,
				27B0128D2B53BF2100912F98 /* Release */,
			);
			defaultConfigurationIsVisible = 0;
			defaultConfigurationName = Release;
		};
		27B0128E2B53BF2100912F98 /* Build configuration list for PBXNativeTarget "HueForecast-iOS" */ = {
			isa = XCConfigurationList;
			buildConfigurations = (
				27B0128F2B53BF2100912F98 /* Debug */,
				27B012902B53BF2100912F98 /* Release */,
			);
			defaultConfigurationIsVisible = 0;
			defaultConfigurationName = Release;
		};
		27B012912B53BF2100912F98 /* Build configuration list for PBXNativeTarget "HueForecast-iOSTests" */ = {
			isa = XCConfigurationList;
			buildConfigurations = (
				27B012922B53BF2100912F98 /* Debug */,
				27B012932B53BF2100912F98 /* Release */,
			);
			defaultConfigurationIsVisible = 0;
			defaultConfigurationName = Release;
		};
		27B012942B53BF2100912F98 /* Build configuration list for PBXNativeTarget "HueForecast-iOSUITests" */ = {
			isa = XCConfigurationList;
			buildConfigurations = (
				27B012952B53BF2100912F98 /* Debug */,
				27B012962B53BF2100912F98 /* Release */,
			);
			defaultConfigurationIsVisible = 0;
			defaultConfigurationName = Release;
		};
/* End XCConfigurationList section */
	};
	rootObject = 27B0125E2B53BF2000912F98 /* Project object */;
}
